// !$*UTF8*$!
{
	archiveVersion = 1;
	classes = {
	};
	objectVersion = 55;
	objects = {

/* Begin PBXBuildFile section */
		1147ED2E2765378400BCFC6E /* main.swift in Sources */ = {isa = PBXBuildFile; fileRef = 1147ED2D2765378400BCFC6E /* main.swift */; };
		1147ED352765379000BCFC6E /* Day2.swift in Sources */ = {isa = PBXBuildFile; fileRef = 1147ED342765379000BCFC6E /* Day2.swift */; };
		1147ED372765379600BCFC6E /* Day3.swift in Sources */ = {isa = PBXBuildFile; fileRef = 1147ED362765379600BCFC6E /* Day3.swift */; };
		1147ED392765396A00BCFC6E /* Day1.swift in Sources */ = {isa = PBXBuildFile; fileRef = 1147ED382765396A00BCFC6E /* Day1.swift */; };
		1147ED3C27653B3C00BCFC6E /* Extensions.swift in Sources */ = {isa = PBXBuildFile; fileRef = 1147ED3B27653B3C00BCFC6E /* Extensions.swift */; };
		1147ED3E27653B4F00BCFC6E /* AdventError.swift in Sources */ = {isa = PBXBuildFile; fileRef = 1147ED3D27653B4F00BCFC6E /* AdventError.swift */; };
		1147ED4227653D1900BCFC6E /* Day.swift in Sources */ = {isa = PBXBuildFile; fileRef = 1147ED4127653D1900BCFC6E /* Day.swift */; };
		1147ED4427654C6900BCFC6E /* Day4.swift in Sources */ = {isa = PBXBuildFile; fileRef = 1147ED4327654C6900BCFC6E /* Day4.swift */; };
		1147ED472765543700BCFC6E /* Parsing in Frameworks */ = {isa = PBXBuildFile; productRef = 1147ED462765543700BCFC6E /* Parsing */; };
		1147ED49276572C200BCFC6E /* Day5.swift in Sources */ = {isa = PBXBuildFile; fileRef = 1147ED48276572C200BCFC6E /* Day5.swift */; };
		1147ED4B27657B0900BCFC6E /* DebugParser.swift in Sources */ = {isa = PBXBuildFile; fileRef = 1147ED4A27657B0900BCFC6E /* DebugParser.swift */; };
		1147ED4D27657F7000BCFC6E /* Day6.swift in Sources */ = {isa = PBXBuildFile; fileRef = 1147ED4C27657F7000BCFC6E /* Day6.swift */; };
/* End PBXBuildFile section */

/* Begin PBXCopyFilesBuildPhase section */
		1147ED282765378400BCFC6E /* CopyFiles */ = {
			isa = PBXCopyFilesBuildPhase;
			buildActionMask = 2147483647;
			dstPath = /usr/share/man/man1/;
			dstSubfolderSpec = 0;
			files = (
			);
			runOnlyForDeploymentPostprocessing = 1;
		};
/* End PBXCopyFilesBuildPhase section */

/* Begin PBXFileReference section */
		1147ED2A2765378400BCFC6E /* Advent of Code 2021 */ = {isa = PBXFileReference; explicitFileType = "compiled.mach-o.executable"; includeInIndex = 0; path = "Advent of Code 2021"; sourceTree = BUILT_PRODUCTS_DIR; };
		1147ED2D2765378400BCFC6E /* main.swift */ = {isa = PBXFileReference; lastKnownFileType = sourcecode.swift; path = main.swift; sourceTree = "<group>"; };
		1147ED342765379000BCFC6E /* Day2.swift */ = {isa = PBXFileReference; lastKnownFileType = sourcecode.swift; path = Day2.swift; sourceTree = "<group>"; };
		1147ED362765379600BCFC6E /* Day3.swift */ = {isa = PBXFileReference; lastKnownFileType = sourcecode.swift; path = Day3.swift; sourceTree = "<group>"; };
		1147ED382765396A00BCFC6E /* Day1.swift */ = {isa = PBXFileReference; lastKnownFileType = sourcecode.swift; path = Day1.swift; sourceTree = "<group>"; };
		1147ED3B27653B3C00BCFC6E /* Extensions.swift */ = {isa = PBXFileReference; lastKnownFileType = sourcecode.swift; path = Extensions.swift; sourceTree = "<group>"; };
		1147ED3D27653B4F00BCFC6E /* AdventError.swift */ = {isa = PBXFileReference; lastKnownFileType = sourcecode.swift; path = AdventError.swift; sourceTree = "<group>"; };
		1147ED4127653D1900BCFC6E /* Day.swift */ = {isa = PBXFileReference; lastKnownFileType = sourcecode.swift; path = Day.swift; sourceTree = "<group>"; };
		1147ED4327654C6900BCFC6E /* Day4.swift */ = {isa = PBXFileReference; lastKnownFileType = sourcecode.swift; path = Day4.swift; sourceTree = "<group>"; };
		1147ED48276572C200BCFC6E /* Day5.swift */ = {isa = PBXFileReference; lastKnownFileType = sourcecode.swift; path = Day5.swift; sourceTree = "<group>"; };
		1147ED4A27657B0900BCFC6E /* DebugParser.swift */ = {isa = PBXFileReference; lastKnownFileType = sourcecode.swift; path = DebugParser.swift; sourceTree = "<group>"; };
		1147ED4C27657F7000BCFC6E /* Day6.swift */ = {isa = PBXFileReference; lastKnownFileType = sourcecode.swift; path = Day6.swift; sourceTree = "<group>"; };
/* End PBXFileReference section */

/* Begin PBXFrameworksBuildPhase section */
		1147ED272765378400BCFC6E /* Frameworks */ = {
			isa = PBXFrameworksBuildPhase;
			buildActionMask = 2147483647;
			files = (
				1147ED472765543700BCFC6E /* Parsing in Frameworks */,
			);
			runOnlyForDeploymentPostprocessing = 0;
		};
/* End PBXFrameworksBuildPhase section */

/* Begin PBXGroup section */
		1147ED212765378400BCFC6E = {
			isa = PBXGroup;
			children = (
				1147ED2C2765378400BCFC6E /* Advent of Code 2021 */,
				1147ED2B2765378400BCFC6E /* Products */,
			);
			sourceTree = "<group>";
		};
		1147ED2B2765378400BCFC6E /* Products */ = {
			isa = PBXGroup;
			children = (
				1147ED2A2765378400BCFC6E /* Advent of Code 2021 */,
			);
			name = Products;
			sourceTree = "<group>";
		};
		1147ED2C2765378400BCFC6E /* Advent of Code 2021 */ = {
			isa = PBXGroup;
			children = (
				1147ED2D2765378400BCFC6E /* main.swift */,
				1147ED382765396A00BCFC6E /* Day1.swift */,
				1147ED342765379000BCFC6E /* Day2.swift */,
				1147ED362765379600BCFC6E /* Day3.swift */,
				1147ED4327654C6900BCFC6E /* Day4.swift */,
				1147ED48276572C200BCFC6E /* Day5.swift */,
				1147ED4C27657F7000BCFC6E /* Day6.swift */,
				1147ED3A27653B3500BCFC6E /* Helpers */,
			);
			path = "Advent of Code 2021";
			sourceTree = "<group>";
		};
		1147ED3A27653B3500BCFC6E /* Helpers */ = {
			isa = PBXGroup;
			children = (
				1147ED3B27653B3C00BCFC6E /* Extensions.swift */,
				1147ED4127653D1900BCFC6E /* Day.swift */,
				1147ED4A27657B0900BCFC6E /* DebugParser.swift */,
				1147ED3D27653B4F00BCFC6E /* AdventError.swift */,
			);
			path = Helpers;
			sourceTree = "<group>";
		};
/* End PBXGroup section */

/* Begin PBXNativeTarget section */
		1147ED292765378400BCFC6E /* Advent of Code 2021 */ = {
			isa = PBXNativeTarget;
			buildConfigurationList = 1147ED312765378400BCFC6E /* Build configuration list for PBXNativeTarget "Advent of Code 2021" */;
			buildPhases = (
				1147ED262765378400BCFC6E /* Sources */,
				1147ED272765378400BCFC6E /* Frameworks */,
				1147ED282765378400BCFC6E /* CopyFiles */,
			);
			buildRules = (
			);
			dependencies = (
			);
			name = "Advent of Code 2021";
			packageProductDependencies = (
				1147ED462765543700BCFC6E /* Parsing */,
			);
			productName = "Advent of Code 2021";
			productReference = 1147ED2A2765378400BCFC6E /* Advent of Code 2021 */;
			productType = "com.apple.product-type.tool";
		};
/* End PBXNativeTarget section */

/* Begin PBXProject section */
		1147ED222765378400BCFC6E /* Project object */ = {
			isa = PBXProject;
			attributes = {
				BuildIndependentTargetsInParallel = 1;
				LastSwiftUpdateCheck = 1320;
				LastUpgradeCheck = 1320;
				TargetAttributes = {
					1147ED292765378400BCFC6E = {
						CreatedOnToolsVersion = 13.2;
					};
				};
			};
			buildConfigurationList = 1147ED252765378400BCFC6E /* Build configuration list for PBXProject "Advent of Code 2021" */;
			compatibilityVersion = "Xcode 13.0";
			developmentRegion = en;
			hasScannedForEncodings = 0;
			knownRegions = (
				en,
				Base,
			);
			mainGroup = 1147ED212765378400BCFC6E;
			packageReferences = (
				1147ED452765543700BCFC6E /* XCRemoteSwiftPackageReference "swift-parsing" */,
			);
			productRefGroup = 1147ED2B2765378400BCFC6E /* Products */;
			projectDirPath = "";
			projectRoot = "";
			targets = (
				1147ED292765378400BCFC6E /* Advent of Code 2021 */,
			);
		};
/* End PBXProject section */

/* Begin PBXSourcesBuildPhase section */
		1147ED262765378400BCFC6E /* Sources */ = {
			isa = PBXSourcesBuildPhase;
			buildActionMask = 2147483647;
			files = (
				1147ED3C27653B3C00BCFC6E /* Extensions.swift in Sources */,
				1147ED392765396A00BCFC6E /* Day1.swift in Sources */,
				1147ED4227653D1900BCFC6E /* Day.swift in Sources */,
				1147ED4D27657F7000BCFC6E /* Day6.swift in Sources */,
				1147ED3E27653B4F00BCFC6E /* AdventError.swift in Sources */,
				1147ED4B27657B0900BCFC6E /* DebugParser.swift in Sources */,
				1147ED352765379000BCFC6E /* Day2.swift in Sources */,
				1147ED372765379600BCFC6E /* Day3.swift in Sources */,
				1147ED2E2765378400BCFC6E /* main.swift in Sources */,
				1147ED49276572C200BCFC6E /* Day5.swift in Sources */,
				1147ED4427654C6900BCFC6E /* Day4.swift in Sources */,
			);
			runOnlyForDeploymentPostprocessing = 0;
		};
/* End PBXSourcesBuildPhase section */

/* Begin XCBuildConfiguration section */
		1147ED2F2765378400BCFC6E /* Debug */ = {
			isa = XCBuildConfiguration;
			buildSettings = {
				ALWAYS_SEARCH_USER_PATHS = NO;
				CLANG_ANALYZER_NONNULL = YES;
				CLANG_ANALYZER_NUMBER_OBJECT_CONVERSION = YES_AGGRESSIVE;
				CLANG_CXX_LANGUAGE_STANDARD = "gnu++17";
				CLANG_CXX_LIBRARY = "libc++";
				CLANG_ENABLE_MODULES = YES;
				CLANG_ENABLE_OBJC_ARC = YES;
				CLANG_ENABLE_OBJC_WEAK = YES;
				CLANG_WARN_BLOCK_CAPTURE_AUTORELEASING = YES;
				CLANG_WARN_BOOL_CONVERSION = YES;
				CLANG_WARN_COMMA = YES;
				CLANG_WARN_CONSTANT_CONVERSION = YES;
				CLANG_WARN_DEPRECATED_OBJC_IMPLEMENTATIONS = YES;
				CLANG_WARN_DIRECT_OBJC_ISA_USAGE = YES_ERROR;
				CLANG_WARN_DOCUMENTATION_COMMENTS = YES;
				CLANG_WARN_EMPTY_BODY = YES;
				CLANG_WARN_ENUM_CONVERSION = YES;
				CLANG_WARN_INFINITE_RECURSION = YES;
				CLANG_WARN_INT_CONVERSION = YES;
				CLANG_WARN_NON_LITERAL_NULL_CONVERSION = YES;
				CLANG_WARN_OBJC_IMPLICIT_RETAIN_SELF = YES;
				CLANG_WARN_OBJC_LITERAL_CONVERSION = YES;
				CLANG_WARN_OBJC_ROOT_CLASS = YES_ERROR;
				CLANG_WARN_QUOTED_INCLUDE_IN_FRAMEWORK_HEADER = YES;
				CLANG_WARN_RANGE_LOOP_ANALYSIS = YES;
				CLANG_WARN_STRICT_PROTOTYPES = YES;
				CLANG_WARN_SUSPICIOUS_MOVE = YES;
				CLANG_WARN_UNGUARDED_AVAILABILITY = YES_AGGRESSIVE;
				CLANG_WARN_UNREACHABLE_CODE = YES;
				CLANG_WARN__DUPLICATE_METHOD_MATCH = YES;
				COPY_PHASE_STRIP = NO;
				DEBUG_INFORMATION_FORMAT = dwarf;
				ENABLE_STRICT_OBJC_MSGSEND = YES;
				ENABLE_TESTABILITY = YES;
				GCC_C_LANGUAGE_STANDARD = gnu11;
				GCC_DYNAMIC_NO_PIC = NO;
				GCC_NO_COMMON_BLOCKS = YES;
				GCC_OPTIMIZATION_LEVEL = 0;
				GCC_PREPROCESSOR_DEFINITIONS = (
					"DEBUG=1",
					"$(inherited)",
				);
				GCC_WARN_64_TO_32_BIT_CONVERSION = YES;
				GCC_WARN_ABOUT_RETURN_TYPE = YES_ERROR;
				GCC_WARN_UNDECLARED_SELECTOR = YES;
				GCC_WARN_UNINITIALIZED_AUTOS = YES_AGGRESSIVE;
				GCC_WARN_UNUSED_FUNCTION = YES;
				GCC_WARN_UNUSED_VARIABLE = YES;
				MACOSX_DEPLOYMENT_TARGET = 11.6;
				MTL_ENABLE_DEBUG_INFO = INCLUDE_SOURCE;
				MTL_FAST_MATH = YES;
				ONLY_ACTIVE_ARCH = YES;
				SDKROOT = macosx;
				SWIFT_ACTIVE_COMPILATION_CONDITIONS = DEBUG;
				SWIFT_OPTIMIZATION_LEVEL = "-Onone";
			};
			name = Debug;
		};
		1147ED302765378400BCFC6E /* Release */ = {
			isa = XCBuildConfiguration;
			buildSettings = {
				ALWAYS_SEARCH_USER_PATHS = NO;
				CLANG_ANALYZER_NONNULL = YES;
				CLANG_ANALYZER_NUMBER_OBJECT_CONVERSION = YES_AGGRESSIVE;
				CLANG_CXX_LANGUAGE_STANDARD = "gnu++17";
				CLANG_CXX_LIBRARY = "libc++";
				CLANG_ENABLE_MODULES = YES;
				CLANG_ENABLE_OBJC_ARC = YES;
				CLANG_ENABLE_OBJC_WEAK = YES;
				CLANG_WARN_BLOCK_CAPTURE_AUTORELEASING = YES;
				CLANG_WARN_BOOL_CONVERSION = YES;
				CLANG_WARN_COMMA = YES;
				CLANG_WARN_CONSTANT_CONVERSION = YES;
				CLANG_WARN_DEPRECATED_OBJC_IMPLEMENTATIONS = YES;
				CLANG_WARN_DIRECT_OBJC_ISA_USAGE = YES_ERROR;
				CLANG_WARN_DOCUMENTATION_COMMENTS = YES;
				CLANG_WARN_EMPTY_BODY = YES;
				CLANG_WARN_ENUM_CONVERSION = YES;
				CLANG_WARN_INFINITE_RECURSION = YES;
				CLANG_WARN_INT_CONVERSION = YES;
				CLANG_WARN_NON_LITERAL_NULL_CONVERSION = YES;
				CLANG_WARN_OBJC_IMPLICIT_RETAIN_SELF = YES;
				CLANG_WARN_OBJC_LITERAL_CONVERSION = YES;
				CLANG_WARN_OBJC_ROOT_CLASS = YES_ERROR;
				CLANG_WARN_QUOTED_INCLUDE_IN_FRAMEWORK_HEADER = YES;
				CLANG_WARN_RANGE_LOOP_ANALYSIS = YES;
				CLANG_WARN_STRICT_PROTOTYPES = YES;
				CLANG_WARN_SUSPICIOUS_MOVE = YES;
				CLANG_WARN_UNGUARDED_AVAILABILITY = YES_AGGRESSIVE;
				CLANG_WARN_UNREACHABLE_CODE = YES;
				CLANG_WARN__DUPLICATE_METHOD_MATCH = YES;
				COPY_PHASE_STRIP = NO;
				DEBUG_INFORMATION_FORMAT = "dwarf-with-dsym";
				ENABLE_NS_ASSERTIONS = NO;
				ENABLE_STRICT_OBJC_MSGSEND = YES;
				GCC_C_LANGUAGE_STANDARD = gnu11;
				GCC_NO_COMMON_BLOCKS = YES;
				GCC_WARN_64_TO_32_BIT_CONVERSION = YES;
				GCC_WARN_ABOUT_RETURN_TYPE = YES_ERROR;
				GCC_WARN_UNDECLARED_SELECTOR = YES;
				GCC_WARN_UNINITIALIZED_AUTOS = YES_AGGRESSIVE;
				GCC_WARN_UNUSED_FUNCTION = YES;
				GCC_WARN_UNUSED_VARIABLE = YES;
				MACOSX_DEPLOYMENT_TARGET = 11.6;
				MTL_ENABLE_DEBUG_INFO = NO;
				MTL_FAST_MATH = YES;
				SDKROOT = macosx;
				SWIFT_COMPILATION_MODE = wholemodule;
				SWIFT_OPTIMIZATION_LEVEL = "-O";
			};
			name = Release;
		};
		1147ED322765378400BCFC6E /* Debug */ = {
			isa = XCBuildConfiguration;
			buildSettings = {
				CODE_SIGN_STYLE = Automatic;
				DEVELOPMENT_TEAM = 22X3GA956P;
				ENABLE_HARDENED_RUNTIME = YES;
				PRODUCT_NAME = "$(TARGET_NAME)";
				SWIFT_VERSION = 5.0;
			};
			name = Debug;
		};
		1147ED332765378400BCFC6E /* Release */ = {
			isa = XCBuildConfiguration;
			buildSettings = {
				CODE_SIGN_STYLE = Automatic;
				DEVELOPMENT_TEAM = 22X3GA956P;
				ENABLE_HARDENED_RUNTIME = YES;
				PRODUCT_NAME = "$(TARGET_NAME)";
				SWIFT_VERSION = 5.0;
			};
			name = Release;
		};
/* End XCBuildConfiguration section */

/* Begin XCConfigurationList section */
		1147ED252765378400BCFC6E /* Build configuration list for PBXProject "Advent of Code 2021" */ = {
			isa = XCConfigurationList;
			buildConfigurations = (
				1147ED2F2765378400BCFC6E /* Debug */,
				1147ED302765378400BCFC6E /* Release */,
			);
			defaultConfigurationIsVisible = 0;
			defaultConfigurationName = Release;
		};
		1147ED312765378400BCFC6E /* Build configuration list for PBXNativeTarget "Advent of Code 2021" */ = {
			isa = XCConfigurationList;
			buildConfigurations = (
				1147ED322765378400BCFC6E /* Debug */,
				1147ED332765378400BCFC6E /* Release */,
			);
			defaultConfigurationIsVisible = 0;
			defaultConfigurationName = Release;
		};
/* End XCConfigurationList section */

/* Begin XCRemoteSwiftPackageReference section */
		1147ED452765543700BCFC6E /* XCRemoteSwiftPackageReference "swift-parsing" */ = {
			isa = XCRemoteSwiftPackageReference;
			repositoryURL = "https://github.com/pointfreeco/swift-parsing.git";
			requirement = {
				kind = upToNextMajorVersion;
				minimumVersion = 0.2.0;
			};
		};
/* End XCRemoteSwiftPackageReference section */

/* Begin XCSwiftPackageProductDependency section */
		1147ED462765543700BCFC6E /* Parsing */ = {
			isa = XCSwiftPackageProductDependency;
			package = 1147ED452765543700BCFC6E /* XCRemoteSwiftPackageReference "swift-parsing" */;
			productName = Parsing;
		};
/* End XCSwiftPackageProductDependency section */
	};
	rootObject = 1147ED222765378400BCFC6E /* Project object */;
}
